
Microsoft Visual Studio Solution File, Format Version 12.00
# Visual Studio Version 17
VisualStudioVersion = 17.11.35219.272
MinimumVisualStudioVersion = 10.0.40219.1
Project("{FAE04EC0-301F-11D3-BF4B-00C04F79EFBC}") = "PRG2781", "PRG2781.csproj", "{FC849563-F162-43B4-9B8A-6C29AE6A39D3}"
EndProject
Global
	GlobalSection(SolutionConfigurationPlatforms) = preSolution
		Debug|Any CPU = Debug|Any CPU
		Release|Any CPU = Release|Any CPU
	EndGlobalSection
	GlobalSection(ProjectConfigurationPlatforms) = postSolution
		{FC849563-F162-43B4-9B8A-6C29AE6A39D3}.Debug|Any CPU.ActiveCfg = Debug|Any CPU
		{FC849563-F162-43B4-9B8A-6C29AE6A39D3}.Debug|Any CPU.Build.0 = Debug|Any CPU
		{FC849563-F162-43B4-9B8A-6C29AE6A39D3}.Release|Any CPU.ActiveCfg = Release|Any CPU
		{FC849563-F162-43B4-9B8A-6C29AE6A39D3}.Release|Any CPU.Build.0 = Release|Any CPU
	EndGlobalSection
	GlobalSection(SolutionProperties) = preSolution
		HideSolutionNode = FALSE
	EndGlobalSection
	GlobalSection(ExtensibilityGlobals) = postSolution
		SolutionGuid = {1FB78865-0E0C-43AA-9E78-A97CAB1A55F6}
	EndGlobalSection
EndGlobal
